{
  "version": 4,
  "terraform_version": "1.4.4",
  "serial": 91,
  "lineage": "47647300-0402-8188-25c4-54de28633f1b",
  "outputs": {
    "OS_name": {
      "value": "/subscriptions/380a10c2-0513-492d-ac62-b291196fe623/resourceGroups/yozh78/providers/Microsoft.Compute/virtualMachines/example-vm",
      "type": "string"
    },
    "public_ip_fqdn": {
      "value": "yozh78terraformdns.westeurope.cloudapp.azure.com",
      "type": "string"
    },
    "public_ip_loadbalancer": {
      "value": "/subscriptions/380a10c2-0513-492d-ac62-b291196fe623/resourceGroups/yozh78/providers/Microsoft.Network/publicIPAddresses/example-lb-pubip",
      "type": "string"
    }
  },
  "resources": [
    {
      "mode": "managed",
      "type": "azurerm_lb",
      "name": "example_lb",
      "provider": "provider[\"registry.terraform.io/hashicorp/azurerm\"]",
      "instances": [
        {
          "schema_version": 0,
          "attributes": {
            "edge_zone": "",
            "frontend_ip_configuration": [
              {
                "gateway_load_balancer_frontend_ip_configuration_id": "",
                "id": "/subscriptions/380a10c2-0513-492d-ac62-b291196fe623/resourceGroups/yozh78/providers/Microsoft.Network/loadBalancers/example-lb/frontendIPConfigurations/publicIPAddress",
                "inbound_nat_rules": [],
                "load_balancer_rules": [
                  "/subscriptions/380a10c2-0513-492d-ac62-b291196fe623/resourceGroups/yozh78/providers/Microsoft.Network/loadBalancers/example-lb/loadBalancingRules/Port5000Access"
                ],
                "name": "publicIPAddress",
                "outbound_rules": [],
                "private_ip_address": "",
                "private_ip_address_allocation": "Dynamic",
                "private_ip_address_version": "",
                "public_ip_address_id": "/subscriptions/380a10c2-0513-492d-ac62-b291196fe623/resourceGroups/yozh78/providers/Microsoft.Network/publicIPAddresses/example-lb-pubip",
                "public_ip_prefix_id": "",
                "subnet_id": "",
                "zones": []
              }
            ],
            "id": "/subscriptions/380a10c2-0513-492d-ac62-b291196fe623/resourceGroups/yozh78/providers/Microsoft.Network/loadBalancers/example-lb",
            "location": "westeurope",
            "name": "example-lb",
            "private_ip_address": "",
            "private_ip_addresses": [],
            "resource_group_name": "yozh78",
            "sku": "Basic",
            "sku_tier": "Regional",
            "tags": {},
            "timeouts": null
          },
          "sensitive_attributes": [],
          "private": "eyJlMmJmYjczMC1lY2FhLTExZTYtOGY4OC0zNDM2M2JjN2M0YzAiOnsiY3JlYXRlIjoxODAwMDAwMDAwMDAwLCJkZWxldGUiOjE4MDAwMDAwMDAwMDAsInJlYWQiOjMwMDAwMDAwMDAwMCwidXBkYXRlIjoxODAwMDAwMDAwMDAwfX0=",
          "dependencies": [
            "azurerm_public_ip.lb_pubip"
          ]
        }
      ]
    },
    {
      "mode": "managed",
      "type": "azurerm_lb_backend_address_pool",
      "name": "backend_pool",
      "provider": "provider[\"registry.terraform.io/hashicorp/azurerm\"]",
      "instances": [
        {
          "schema_version": 0,
          "attributes": {
            "backend_ip_configurations": [
              "/subscriptions/380a10c2-0513-492d-ac62-b291196fe623/resourceGroups/yozh78/providers/Microsoft.Network/networkInterfaces/example-nic/ipConfigurations/internal"
            ],
            "id": "/subscriptions/380a10c2-0513-492d-ac62-b291196fe623/resourceGroups/yozh78/providers/Microsoft.Network/loadBalancers/example-lb/backendAddressPools/backendAddressPool",
            "load_balancing_rules": [
              "/subscriptions/380a10c2-0513-492d-ac62-b291196fe623/resourceGroups/yozh78/providers/Microsoft.Network/loadBalancers/example-lb/loadBalancingRules/Port5000Access"
            ],
            "loadbalancer_id": "/subscriptions/380a10c2-0513-492d-ac62-b291196fe623/resourceGroups/yozh78/providers/Microsoft.Network/loadBalancers/example-lb",
            "name": "backendAddressPool",
            "outbound_rules": [],
            "timeouts": null,
            "tunnel_interface": []
          },
          "sensitive_attributes": [],
          "private": "eyJlMmJmYjczMC1lY2FhLTExZTYtOGY4OC0zNDM2M2JjN2M0YzAiOnsiY3JlYXRlIjoxODAwMDAwMDAwMDAwLCJkZWxldGUiOjE4MDAwMDAwMDAwMDAsInJlYWQiOjMwMDAwMDAwMDAwMCwidXBkYXRlIjoxODAwMDAwMDAwMDAwfX0=",
          "dependencies": [
            "azurerm_lb.example_lb",
            "azurerm_public_ip.lb_pubip"
          ]
        }
      ]
    },
    {
      "mode": "managed",
      "type": "azurerm_lb_rule",
      "name": "lb_rule_5000",
      "provider": "provider[\"registry.terraform.io/hashicorp/azurerm\"]",
      "instances": [
        {
          "schema_version": 0,
          "attributes": {
            "backend_address_pool_ids": [
              "/subscriptions/380a10c2-0513-492d-ac62-b291196fe623/resourceGroups/yozh78/providers/Microsoft.Network/loadBalancers/example-lb/backendAddressPools/backendAddressPool"
            ],
            "backend_port": 5000,
            "disable_outbound_snat": false,
            "enable_floating_ip": false,
            "enable_tcp_reset": false,
            "frontend_ip_configuration_id": "/subscriptions/380a10c2-0513-492d-ac62-b291196fe623/resourceGroups/yozh78/providers/Microsoft.Network/loadBalancers/example-lb/frontendIPConfigurations/publicIPAddress",
            "frontend_ip_configuration_name": "publicIPAddress",
            "frontend_port": 5000,
            "id": "/subscriptions/380a10c2-0513-492d-ac62-b291196fe623/resourceGroups/yozh78/providers/Microsoft.Network/loadBalancers/example-lb/loadBalancingRules/Port5000Access",
            "idle_timeout_in_minutes": 4,
            "load_distribution": "Default",
            "loadbalancer_id": "/subscriptions/380a10c2-0513-492d-ac62-b291196fe623/resourceGroups/yozh78/providers/Microsoft.Network/loadBalancers/example-lb",
            "name": "Port5000Access",
            "probe_id": "",
            "protocol": "Tcp",
            "timeouts": null
          },
          "sensitive_attributes": [],
          "private": "eyJlMmJmYjczMC1lY2FhLTExZTYtOGY4OC0zNDM2M2JjN2M0YzAiOnsiY3JlYXRlIjoxODAwMDAwMDAwMDAwLCJkZWxldGUiOjE4MDAwMDAwMDAwMDAsInJlYWQiOjMwMDAwMDAwMDAwMCwidXBkYXRlIjoxODAwMDAwMDAwMDAwfX0=",
          "dependencies": [
            "azurerm_lb.example_lb",
            "azurerm_lb_backend_address_pool.backend_pool",
            "azurerm_public_ip.lb_pubip"
          ]
        }
      ]
    },
    {
      "mode": "managed",
      "type": "azurerm_linux_virtual_machine",
      "name": "vm",
      "provider": "provider[\"registry.terraform.io/hashicorp/azurerm\"]",
      "instances": [
        {
          "schema_version": 0,
          "attributes": {
            "additional_capabilities": [],
            "admin_password": "password321!",
            "admin_ssh_key": [],
            "admin_username": "adminuser",
            "allow_extension_operations": true,
            "availability_set_id": "",
            "boot_diagnostics": [],
            "computer_name": "example-vm",
            "custom_data": "IyEvYmluL2Jhc2gKc3VkbyBhcHQgdXBkYXRlIC15CnN1ZG8gYXB0LWdldCBpbnN0YWxsIC15IFwKCWNhLWNlcnRpZmljYXRlcyBcCgljdXJsIFwKCWdudXBnIFwKCWxzYi1yZWxlYXNlCmN1cmwgLWZzU0wgaHR0cHM6Ly9nZXQuZG9ja2VyLmNvbSAtbyBnZXQtZG9ja2VyLnNoCnN1ZG8gc2ggZ2V0LWRvY2tlci5zaApzdWRvIGFwdC1nZXQgaW5zdGFsbCAteSBnaXQtYWxsCmdpdCBjbG9uZSBodHRwczovL2dpdGh1Yi5jb20vbGV3YWdvbi9kZXZzZWNvcHMtZ3Vlc3QtYXBwICYmIGNkIC4vZGV2c2Vjb3BzLWd1ZXN0LWFwcCAmJiBnaXQgY2hlY2tvdXQgZG9ja2VyCnN1ZG8gZG9ja2VyIGNvbXBvc2UgdXAKCgo=",
            "dedicated_host_group_id": "",
            "dedicated_host_id": "",
            "disable_password_authentication": false,
            "edge_zone": "",
            "encryption_at_host_enabled": false,
            "eviction_policy": "",
            "extensions_time_budget": "PT1H30M",
            "id": "/subscriptions/380a10c2-0513-492d-ac62-b291196fe623/resourceGroups/yozh78/providers/Microsoft.Compute/virtualMachines/example-vm",
            "identity": [],
            "license_type": "",
            "location": "westeurope",
            "max_bid_price": -1,
            "name": "example-vm",
            "network_interface_ids": [
              "/subscriptions/380a10c2-0513-492d-ac62-b291196fe623/resourceGroups/yozh78/providers/Microsoft.Network/networkInterfaces/example-nic"
            ],
            "os_disk": [
              {
                "caching": "ReadWrite",
                "diff_disk_settings": [],
                "disk_encryption_set_id": "",
                "disk_size_gb": 30,
                "name": "example-vm_disk1_81b7d1439c7343e6af0517d278e9a7fc",
                "storage_account_type": "Standard_LRS",
                "write_accelerator_enabled": false
              }
            ],
            "patch_mode": "ImageDefault",
            "plan": [],
            "platform_fault_domain": -1,
            "priority": "Regular",
            "private_ip_address": "10.0.1.4",
            "private_ip_addresses": [
              "10.0.1.4"
            ],
            "provision_vm_agent": true,
            "proximity_placement_group_id": "",
            "public_ip_address": "",
            "public_ip_addresses": [],
            "resource_group_name": "yozh78",
            "secret": [],
            "secure_boot_enabled": false,
            "size": "Standard_B1s",
            "source_image_id": "",
            "source_image_reference": [
              {
                "offer": "UbuntuServer",
                "publisher": "Canonical",
                "sku": "18.04-LTS",
                "version": "latest"
              }
            ],
            "tags": {},
            "termination_notification": [],
            "timeouts": null,
            "user_data": "",
            "virtual_machine_id": "185af368-3f86-45d5-9020-53c95593941f",
            "virtual_machine_scale_set_id": "",
            "vtpm_enabled": false,
            "zone": ""
          },
          "sensitive_attributes": [],
          "private": "eyJlMmJmYjczMC1lY2FhLTExZTYtOGY4OC0zNDM2M2JjN2M0YzAiOnsiY3JlYXRlIjoyNzAwMDAwMDAwMDAwLCJkZWxldGUiOjI3MDAwMDAwMDAwMDAsInJlYWQiOjMwMDAwMDAwMDAwMCwidXBkYXRlIjoyNzAwMDAwMDAwMDAwfX0=",
          "dependencies": [
            "azurerm_network_interface.nic",
            "azurerm_subnet.subnet",
            "azurerm_virtual_network.vnet"
          ]
        }
      ]
    },
    {
      "mode": "managed",
      "type": "azurerm_network_interface",
      "name": "nic",
      "provider": "provider[\"registry.terraform.io/hashicorp/azurerm\"]",
      "instances": [
        {
          "schema_version": 0,
          "attributes": {
            "applied_dns_servers": [],
            "dns_servers": [],
            "edge_zone": "",
            "enable_accelerated_networking": false,
            "enable_ip_forwarding": false,
            "id": "/subscriptions/380a10c2-0513-492d-ac62-b291196fe623/resourceGroups/yozh78/providers/Microsoft.Network/networkInterfaces/example-nic",
            "internal_dns_name_label": "",
            "internal_domain_name_suffix": "twmq1ksq4zquxbqksptc5w0jnd.ax.internal.cloudapp.net",
            "ip_configuration": [
              {
                "gateway_load_balancer_frontend_ip_configuration_id": "",
                "name": "internal",
                "primary": true,
                "private_ip_address": "10.0.1.4",
                "private_ip_address_allocation": "Dynamic",
                "private_ip_address_version": "IPv4",
                "public_ip_address_id": "",
                "subnet_id": "/subscriptions/380a10c2-0513-492d-ac62-b291196fe623/resourceGroups/yozh78/providers/Microsoft.Network/virtualNetworks/vnet/subnets/internal"
              }
            ],
            "location": "westeurope",
            "mac_address": "00-0D-3A-A8-3A-49",
            "name": "example-nic",
            "private_ip_address": "10.0.1.4",
            "private_ip_addresses": [
              "10.0.1.4"
            ],
            "resource_group_name": "yozh78",
            "tags": {},
            "timeouts": null,
            "virtual_machine_id": "/subscriptions/380a10c2-0513-492d-ac62-b291196fe623/resourceGroups/yozh78/providers/Microsoft.Compute/virtualMachines/example-vm"
          },
          "sensitive_attributes": [],
          "private": "eyJlMmJmYjczMC1lY2FhLTExZTYtOGY4OC0zNDM2M2JjN2M0YzAiOnsiY3JlYXRlIjoxODAwMDAwMDAwMDAwLCJkZWxldGUiOjE4MDAwMDAwMDAwMDAsInJlYWQiOjMwMDAwMDAwMDAwMCwidXBkYXRlIjoxODAwMDAwMDAwMDAwfX0=",
          "dependencies": [
            "azurerm_subnet.subnet",
            "azurerm_virtual_network.vnet"
          ]
        }
      ]
    },
    {
      "mode": "managed",
      "type": "azurerm_network_interface_backend_address_pool_association",
      "name": "nic_to_backendpool",
      "provider": "provider[\"registry.terraform.io/hashicorp/azurerm\"]",
      "instances": [
        {
          "schema_version": 0,
          "attributes": {
            "backend_address_pool_id": "/subscriptions/380a10c2-0513-492d-ac62-b291196fe623/resourceGroups/yozh78/providers/Microsoft.Network/loadBalancers/example-lb/backendAddressPools/backendAddressPool",
            "id": "/subscriptions/380a10c2-0513-492d-ac62-b291196fe623/resourceGroups/yozh78/providers/Microsoft.Network/networkInterfaces/example-nic/ipConfigurations/internal|/subscriptions/380a10c2-0513-492d-ac62-b291196fe623/resourceGroups/yozh78/providers/Microsoft.Network/loadBalancers/example-lb/backendAddressPools/backendAddressPool",
            "ip_configuration_name": "internal",
            "network_interface_id": "/subscriptions/380a10c2-0513-492d-ac62-b291196fe623/resourceGroups/yozh78/providers/Microsoft.Network/networkInterfaces/example-nic",
            "timeouts": null
          },
          "sensitive_attributes": [],
          "private": "eyJlMmJmYjczMC1lY2FhLTExZTYtOGY4OC0zNDM2M2JjN2M0YzAiOnsiY3JlYXRlIjoxODAwMDAwMDAwMDAwLCJkZWxldGUiOjE4MDAwMDAwMDAwMDAsInJlYWQiOjMwMDAwMDAwMDAwMCwidXBkYXRlIjoxODAwMDAwMDAwMDAwfX0=",
          "dependencies": [
            "azurerm_lb.example_lb",
            "azurerm_lb_backend_address_pool.backend_pool",
            "azurerm_network_interface.nic",
            "azurerm_public_ip.lb_pubip",
            "azurerm_subnet.subnet",
            "azurerm_virtual_network.vnet"
          ]
        }
      ]
    },
    {
      "mode": "managed",
      "type": "azurerm_network_interface_security_group_association",
      "name": "nic_nsg_association",
      "provider": "provider[\"registry.terraform.io/hashicorp/azurerm\"]",
      "instances": [
        {
          "schema_version": 0,
          "attributes": {
            "id": "/subscriptions/380a10c2-0513-492d-ac62-b291196fe623/resourceGroups/yozh78/providers/Microsoft.Network/networkInterfaces/example-nic|/subscriptions/380a10c2-0513-492d-ac62-b291196fe623/resourceGroups/yozh78/providers/Microsoft.Network/networkSecurityGroups/example-nsg",
            "network_interface_id": "/subscriptions/380a10c2-0513-492d-ac62-b291196fe623/resourceGroups/yozh78/providers/Microsoft.Network/networkInterfaces/example-nic",
            "network_security_group_id": "/subscriptions/380a10c2-0513-492d-ac62-b291196fe623/resourceGroups/yozh78/providers/Microsoft.Network/networkSecurityGroups/example-nsg",
            "timeouts": null
          },
          "sensitive_attributes": [],
          "private": "eyJlMmJmYjczMC1lY2FhLTExZTYtOGY4OC0zNDM2M2JjN2M0YzAiOnsiY3JlYXRlIjoxODAwMDAwMDAwMDAwLCJkZWxldGUiOjE4MDAwMDAwMDAwMDAsInJlYWQiOjMwMDAwMDAwMDAwMCwidXBkYXRlIjoxODAwMDAwMDAwMDAwfX0=",
          "dependencies": [
            "azurerm_network_interface.nic",
            "azurerm_network_security_group.nsg",
            "azurerm_subnet.subnet",
            "azurerm_virtual_network.vnet"
          ]
        }
      ]
    },
    {
      "mode": "managed",
      "type": "azurerm_network_security_group",
      "name": "nsg",
      "provider": "provider[\"registry.terraform.io/hashicorp/azurerm\"]",
      "instances": [
        {
          "schema_version": 0,
          "attributes": {
            "id": "/subscriptions/380a10c2-0513-492d-ac62-b291196fe623/resourceGroups/yozh78/providers/Microsoft.Network/networkSecurityGroups/example-nsg",
            "location": "westeurope",
            "name": "example-nsg",
            "resource_group_name": "yozh78",
            "security_rule": [
              {
                "access": "Allow",
                "description": "",
                "destination_address_prefix": "*",
                "destination_address_prefixes": [],
                "destination_application_security_group_ids": [],
                "destination_port_range": "22",
                "destination_port_ranges": [],
                "direction": "Inbound",
                "name": "SSH",
                "priority": 1001,
                "protocol": "Tcp",
                "source_address_prefix": "*",
                "source_address_prefixes": [],
                "source_application_security_group_ids": [],
                "source_port_range": "*",
                "source_port_ranges": []
              },
              {
                "access": "Allow",
                "description": "",
                "destination_address_prefix": "*",
                "destination_address_prefixes": [],
                "destination_application_security_group_ids": [],
                "destination_port_range": "5000",
                "destination_port_ranges": [],
                "direction": "Inbound",
                "name": "AppOnPort5000",
                "priority": 1002,
                "protocol": "Tcp",
                "source_address_prefix": "*",
                "source_address_prefixes": [],
                "source_application_security_group_ids": [],
                "source_port_range": "*",
                "source_port_ranges": []
              }
            ],
            "tags": {},
            "timeouts": null
          },
          "sensitive_attributes": [],
          "private": "eyJlMmJmYjczMC1lY2FhLTExZTYtOGY4OC0zNDM2M2JjN2M0YzAiOnsiY3JlYXRlIjoxODAwMDAwMDAwMDAwLCJkZWxldGUiOjE4MDAwMDAwMDAwMDAsInJlYWQiOjMwMDAwMDAwMDAwMCwidXBkYXRlIjoxODAwMDAwMDAwMDAwfX0="
        }
      ]
    },
    {
      "mode": "managed",
      "type": "azurerm_public_ip",
      "name": "lb_pubip",
      "provider": "provider[\"registry.terraform.io/hashicorp/azurerm\"]",
      "instances": [
        {
          "schema_version": 0,
          "attributes": {
            "allocation_method": "Static",
            "domain_name_label": "yozh78terraformdns",
            "edge_zone": "",
            "fqdn": "yozh78terraformdns.westeurope.cloudapp.azure.com",
            "id": "/subscriptions/380a10c2-0513-492d-ac62-b291196fe623/resourceGroups/yozh78/providers/Microsoft.Network/publicIPAddresses/example-lb-pubip",
            "idle_timeout_in_minutes": 4,
            "ip_address": "108.142.190.72",
            "ip_tags": {},
            "ip_version": "IPv4",
            "location": "westeurope",
            "name": "example-lb-pubip",
            "public_ip_prefix_id": null,
            "resource_group_name": "yozh78",
            "reverse_fqdn": "",
            "sku": "Basic",
            "sku_tier": "Regional",
            "tags": {},
            "timeouts": null,
            "zones": []
          },
          "sensitive_attributes": [],
          "private": "eyJlMmJmYjczMC1lY2FhLTExZTYtOGY4OC0zNDM2M2JjN2M0YzAiOnsiY3JlYXRlIjoxODAwMDAwMDAwMDAwLCJkZWxldGUiOjE4MDAwMDAwMDAwMDAsInJlYWQiOjMwMDAwMDAwMDAwMCwidXBkYXRlIjoxODAwMDAwMDAwMDAwfX0="
        }
      ]
    },
    {
      "mode": "managed",
      "type": "azurerm_subnet",
      "name": "subnet",
      "provider": "provider[\"registry.terraform.io/hashicorp/azurerm\"]",
      "instances": [
        {
          "schema_version": 0,
          "attributes": {
            "address_prefixes": [
              "10.0.1.0/24"
            ],
            "delegation": [],
            "enforce_private_link_endpoint_network_policies": false,
            "enforce_private_link_service_network_policies": false,
            "id": "/subscriptions/380a10c2-0513-492d-ac62-b291196fe623/resourceGroups/yozh78/providers/Microsoft.Network/virtualNetworks/vnet/subnets/internal",
            "name": "internal",
            "resource_group_name": "yozh78",
            "service_endpoint_policy_ids": [],
            "service_endpoints": [],
            "timeouts": null,
            "virtual_network_name": "vnet"
          },
          "sensitive_attributes": [],
          "private": "eyJlMmJmYjczMC1lY2FhLTExZTYtOGY4OC0zNDM2M2JjN2M0YzAiOnsiY3JlYXRlIjoxODAwMDAwMDAwMDAwLCJkZWxldGUiOjE4MDAwMDAwMDAwMDAsInJlYWQiOjMwMDAwMDAwMDAwMCwidXBkYXRlIjoxODAwMDAwMDAwMDAwfX0=",
          "dependencies": [
            "azurerm_virtual_network.vnet"
          ]
        }
      ]
    },
    {
      "mode": "managed",
      "type": "azurerm_virtual_network",
      "name": "vnet",
      "provider": "provider[\"registry.terraform.io/hashicorp/azurerm\"]",
      "instances": [
        {
          "schema_version": 0,
          "attributes": {
            "address_space": [
              "10.0.0.0/16"
            ],
            "bgp_community": "",
            "ddos_protection_plan": [],
            "dns_servers": [],
            "edge_zone": "",
            "flow_timeout_in_minutes": 0,
            "guid": "aa0d999d-f650-4b61-860a-93e62fdb496b",
            "id": "/subscriptions/380a10c2-0513-492d-ac62-b291196fe623/resourceGroups/yozh78/providers/Microsoft.Network/virtualNetworks/vnet",
            "location": "westeurope",
            "name": "vnet",
            "resource_group_name": "yozh78",
            "subnet": [
              {
                "address_prefix": "10.0.1.0/24",
                "id": "/subscriptions/380a10c2-0513-492d-ac62-b291196fe623/resourceGroups/yozh78/providers/Microsoft.Network/virtualNetworks/vnet/subnets/internal",
                "name": "internal",
                "security_group": ""
              }
            ],
            "tags": {},
            "timeouts": null
          },
          "sensitive_attributes": [],
          "private": "eyJlMmJmYjczMC1lY2FhLTExZTYtOGY4OC0zNDM2M2JjN2M0YzAiOnsiY3JlYXRlIjoxODAwMDAwMDAwMDAwLCJkZWxldGUiOjE4MDAwMDAwMDAwMDAsInJlYWQiOjMwMDAwMDAwMDAwMCwidXBkYXRlIjoxODAwMDAwMDAwMDAwfX0="
        }
      ]
    }
  ],
  "check_results": null
}
